
Microsoft Visual Studio Solution File, Format Version 12.00
# Visual Studio Version 17
VisualStudioVersion = 17.11.35327.3
MinimumVisualStudioVersion = 10.0.40219.1
Project("{FAE04EC0-301F-11D3-BF4B-00C04F79EFBC}") = "Modelo", "Modelo\Modelo.csproj", "{03E71EED-3DF8-4300-AF9F-E5D9AD6E176D}"
EndProject
Project("{2150E333-8FDC-42A3-9474-1A3956D46DE8}") = "Modelos", "Modelos", "{53C32F99-00EA-4EF4-97CF-DC589AC2C192}"
EndProject
Project("{2150E333-8FDC-42A3-9474-1A3956D46DE8}") = "Vistas", "Vistas", "{DA83BAB5-7220-4AA8-B971-78BC40B6591F}"
EndProject
Project("{FAE04EC0-301F-11D3-BF4B-00C04F79EFBC}") = "Vistas", "Vistas\Vistas.csproj", "{3FCBB128-B1B1-46A2-A3C5-2EC72EA7A7DA}"
EndProject
Global
	GlobalSection(SolutionConfigurationPlatforms) = preSolution
		Debug|Any CPU = Debug|Any CPU
		Release|Any CPU = Release|Any CPU
	EndGlobalSection
	GlobalSection(ProjectConfigurationPlatforms) = postSolution
		{03E71EED-3DF8-4300-AF9F-E5D9AD6E176D}.Debug|Any CPU.ActiveCfg = Debug|Any CPU
		{03E71EED-3DF8-4300-AF9F-E5D9AD6E176D}.Debug|Any CPU.Build.0 = Debug|Any CPU
		{03E71EED-3DF8-4300-AF9F-E5D9AD6E176D}.Release|Any CPU.ActiveCfg = Release|Any CPU
		{03E71EED-3DF8-4300-AF9F-E5D9AD6E176D}.Release|Any CPU.Build.0 = Release|Any CPU
		{3FCBB128-B1B1-46A2-A3C5-2EC72EA7A7DA}.Debug|Any CPU.ActiveCfg = Debug|Any CPU
		{3FCBB128-B1B1-46A2-A3C5-2EC72EA7A7DA}.Debug|Any CPU.Build.0 = Debug|Any CPU
		{3FCBB128-B1B1-46A2-A3C5-2EC72EA7A7DA}.Release|Any CPU.ActiveCfg = Release|Any CPU
		{3FCBB128-B1B1-46A2-A3C5-2EC72EA7A7DA}.Release|Any CPU.Build.0 = Release|Any CPU
	EndGlobalSection
	GlobalSection(SolutionProperties) = preSolution
		HideSolutionNode = FALSE
	EndGlobalSection
	GlobalSection(NestedProjects) = preSolution
		{03E71EED-3DF8-4300-AF9F-E5D9AD6E176D} = {53C32F99-00EA-4EF4-97CF-DC589AC2C192}
		{3FCBB128-B1B1-46A2-A3C5-2EC72EA7A7DA} = {DA83BAB5-7220-4AA8-B971-78BC40B6591F}
	EndGlobalSection
	GlobalSection(ExtensibilityGlobals) = postSolution
		SolutionGuid = {9C768F8B-C48D-47A5-AD27-365D9D4D5B2F}
	EndGlobalSection
EndGlobal
